// !$*UTF8*$!
{
	archiveVersion = 1;
	classes = {
	};
	objectVersion = 46;
	objects = {

/* Begin PBXBuildFile section */
		9362153C1E4119820080ED86 /* PreferencesView.xib in Resources */ = {isa = PBXBuildFile; fileRef = 9362153B1E4119820080ED86 /* PreferencesView.xib */; };
		9362153F1E4119FB0080ED86 /* Preferences.swift in Sources */ = {isa = PBXBuildFile; fileRef = 9362153E1E4119FB0080ED86 /* Preferences.swift */; };
		936215411E4120030080ED86 /* MenuEditorView.xib in Resources */ = {isa = PBXBuildFile; fileRef = 936215401E4120030080ED86 /* MenuEditorView.xib */; };
		936215431E412BB60080ED86 /* MenuEditor.swift in Sources */ = {isa = PBXBuildFile; fileRef = 936215421E412BB60080ED86 /* MenuEditor.swift */; };
		938F91F01E3F8902000AD0DE /* ProsGraphomenon.swift in Sources */ = {isa = PBXBuildFile; fileRef = 938F91EF1E3F8902000AD0DE /* ProsGraphomenon.swift */; };
		938F91F51E3F8A5C000AD0DE /* PromiseKit.framework in Frameworks */ = {isa = PBXBuildFile; fileRef = 938F91F31E3F8A5C000AD0DE /* PromiseKit.framework */; };
		93B7B9891E4156C1002206C6 /* MenuParser.swift in Sources */ = {isa = PBXBuildFile; fileRef = 93B7B9881E4156C1002206C6 /* MenuParser.swift */; };
		93BC88E81E5A9D6300129CF4 /* Template.swift in Sources */ = {isa = PBXBuildFile; fileRef = 93BC88E71E5A9D6300129CF4 /* Template.swift */; };
/* End PBXBuildFile section */

/* Begin PBXFileReference section */
		9362153B1E4119820080ED86 /* PreferencesView.xib */ = {isa = PBXFileReference; fileEncoding = 4; lastKnownFileType = file.xib; name = PreferencesView.xib; path = Resources/PreferencesView.xib; sourceTree = "<group>"; };
		9362153E1E4119FB0080ED86 /* Preferences.swift */ = {isa = PBXFileReference; fileEncoding = 4; lastKnownFileType = sourcecode.swift; path = Preferences.swift; sourceTree = "<group>"; };
		936215401E4120030080ED86 /* MenuEditorView.xib */ = {isa = PBXFileReference; fileEncoding = 4; lastKnownFileType = file.xib; name = MenuEditorView.xib; path = Resources/MenuEditorView.xib; sourceTree = "<group>"; };
		936215421E412BB60080ED86 /* MenuEditor.swift */ = {isa = PBXFileReference; fileEncoding = 4; lastKnownFileType = sourcecode.swift; path = MenuEditor.swift; sourceTree = "<group>"; };
		938F91E51E3F8839000AD0DE /* ProsGraphomenon.bundle */ = {isa = PBXFileReference; explicitFileType = wrapper.cfbundle; includeInIndex = 0; path = ProsGraphomenon.bundle; sourceTree = BUILT_PRODUCTS_DIR; };
		938F91E81E3F8839000AD0DE /* Info.plist */ = {isa = PBXFileReference; lastKnownFileType = text.plist.xml; path = Info.plist; sourceTree = "<group>"; };
		938F91EF1E3F8902000AD0DE /* ProsGraphomenon.swift */ = {isa = PBXFileReference; fileEncoding = 4; lastKnownFileType = sourcecode.swift; path = ProsGraphomenon.swift; sourceTree = "<group>"; };
		938F91F11E3F8938000AD0DE /* Bridging-Header.h */ = {isa = PBXFileReference; fileEncoding = 4; lastKnownFileType = sourcecode.c.h; path = "Bridging-Header.h"; sourceTree = "<group>"; };
		938F91F31E3F8A5C000AD0DE /* PromiseKit.framework */ = {isa = PBXFileReference; lastKnownFileType = wrapper.framework; name = PromiseKit.framework; path = Carthage/Build/Mac/PromiseKit.framework; sourceTree = "<group>"; };
		93B7B9881E4156C1002206C6 /* MenuParser.swift */ = {isa = PBXFileReference; fileEncoding = 4; lastKnownFileType = sourcecode.swift; path = MenuParser.swift; sourceTree = "<group>"; };
		93BC88E71E5A9D6300129CF4 /* Template.swift */ = {isa = PBXFileReference; fileEncoding = 4; lastKnownFileType = sourcecode.swift; path = Template.swift; sourceTree = "<group>"; };
/* End PBXFileReference section */

/* Begin PBXFrameworksBuildPhase section */
		938F91E21E3F8839000AD0DE /* Frameworks */ = {
			isa = PBXFrameworksBuildPhase;
			buildActionMask = 2147483647;
			files = (
				938F91F51E3F8A5C000AD0DE /* PromiseKit.framework in Frameworks */,
			);
			runOnlyForDeploymentPostprocessing = 0;
		};
/* End PBXFrameworksBuildPhase section */

/* Begin PBXGroup section */
		9362153D1E41198E0080ED86 /* Resources */ = {
			isa = PBXGroup;
			children = (
				9362153B1E4119820080ED86 /* PreferencesView.xib */,
				936215401E4120030080ED86 /* MenuEditorView.xib */,
			);
			name = Resources;
			sourceTree = "<group>";
		};
		938F91DC1E3F8839000AD0DE = {
			isa = PBXGroup;
			children = (
				9362153D1E41198E0080ED86 /* Resources */,
				938F91E71E3F8839000AD0DE /* ProsGraphomenon */,
				938F91E61E3F8839000AD0DE /* Products */,
				938F91F21E3F8A5C000AD0DE /* Frameworks */,
			);
			sourceTree = "<group>";
		};
		938F91E61E3F8839000AD0DE /* Products */ = {
			isa = PBXGroup;
			children = (
				938F91E51E3F8839000AD0DE /* ProsGraphomenon.bundle */,
			);
			name = Products;
			sourceTree = "<group>";
		};
		938F91E71E3F8839000AD0DE /* ProsGraphomenon */ = {
			isa = PBXGroup;
			children = (
				938F91F11E3F8938000AD0DE /* Bridging-Header.h */,
				938F91E81E3F8839000AD0DE /* Info.plist */,
				938F91EF1E3F8902000AD0DE /* ProsGraphomenon.swift */,
				9362153E1E4119FB0080ED86 /* Preferences.swift */,
				936215421E412BB60080ED86 /* MenuEditor.swift */,
				93B7B9881E4156C1002206C6 /* MenuParser.swift */,
				93BC88E71E5A9D6300129CF4 /* Template.swift */,
			);
			path = ProsGraphomenon;
			sourceTree = "<group>";
		};
		938F91F21E3F8A5C000AD0DE /* Frameworks */ = {
			isa = PBXGroup;
			children = (
				938F91F31E3F8A5C000AD0DE /* PromiseKit.framework */,
			);
			name = Frameworks;
			sourceTree = "<group>";
		};
/* End PBXGroup section */

/* Begin PBXNativeTarget section */
		938F91E41E3F8839000AD0DE /* ProsGraphomenon */ = {
			isa = PBXNativeTarget;
			buildConfigurationList = 938F91EB1E3F8839000AD0DE /* Build configuration list for PBXNativeTarget "ProsGraphomenon" */;
			buildPhases = (
				938F91E11E3F8839000AD0DE /* Sources */,
				938F91E21E3F8839000AD0DE /* Frameworks */,
				938F91E31E3F8839000AD0DE /* Resources */,
				938F91F71E3F8AAA000AD0DE /* ShellScript */,
			);
			buildRules = (
			);
			dependencies = (
			);
			name = ProsGraphomenon;
			productName = ProsGraphomenon;
			productReference = 938F91E51E3F8839000AD0DE /* ProsGraphomenon.bundle */;
			productType = "com.apple.product-type.bundle";
		};
/* End PBXNativeTarget section */

/* Begin PBXProject section */
		938F91DD1E3F8839000AD0DE /* Project object */ = {
			isa = PBXProject;
			attributes = {
				LastUpgradeCheck = 0900;
				ORGANIZATIONNAME = "Bryan Forbes";
				TargetAttributes = {
					938F91E41E3F8839000AD0DE = {
						CreatedOnToolsVersion = 8.2.1;
						LastSwiftMigration = 0900;
						ProvisioningStyle = Automatic;
					};
				};
			};
			buildConfigurationList = 938F91E01E3F8839000AD0DE /* Build configuration list for PBXProject "ProsGraphomenon" */;
			compatibilityVersion = "Xcode 3.2";
			developmentRegion = English;
			hasScannedForEncodings = 0;
			knownRegions = (
				en,
			);
			mainGroup = 938F91DC1E3F8839000AD0DE;
			productRefGroup = 938F91E61E3F8839000AD0DE /* Products */;
			projectDirPath = "";
			projectRoot = "";
			targets = (
				938F91E41E3F8839000AD0DE /* ProsGraphomenon */,
			);
		};
/* End PBXProject section */

/* Begin PBXResourcesBuildPhase section */
		938F91E31E3F8839000AD0DE /* Resources */ = {
			isa = PBXResourcesBuildPhase;
			buildActionMask = 2147483647;
			files = (
				936215411E4120030080ED86 /* MenuEditorView.xib in Resources */,
				9362153C1E4119820080ED86 /* PreferencesView.xib in Resources */,
			);
			runOnlyForDeploymentPostprocessing = 0;
		};
/* End PBXResourcesBuildPhase section */

/* Begin PBXShellScriptBuildPhase section */
		938F91F71E3F8AAA000AD0DE /* ShellScript */ = {
			isa = PBXShellScriptBuildPhase;
			buildActionMask = 2147483647;
			files = (
			);
			inputPaths = (
				"$(SRCROOT)/Carthage/Build/Mac/PromiseKit.framework",
			);
			outputPaths = (
			);
			runOnlyForDeploymentPostprocessing = 0;
			shellPath = /bin/sh;
			shellScript = "/usr/local/bin/carthage copy-frameworks";
		};
/* End PBXShellScriptBuildPhase section */

/* Begin PBXSourcesBuildPhase section */
		938F91E11E3F8839000AD0DE /* Sources */ = {
			isa = PBXSourcesBuildPhase;
			buildActionMask = 2147483647;
			files = (
				938F91F01E3F8902000AD0DE /* ProsGraphomenon.swift in Sources */,
				93BC88E81E5A9D6300129CF4 /* Template.swift in Sources */,
				9362153F1E4119FB0080ED86 /* Preferences.swift in Sources */,
				936215431E412BB60080ED86 /* MenuEditor.swift in Sources */,
				93B7B9891E4156C1002206C6 /* MenuParser.swift in Sources */,
			);
			runOnlyForDeploymentPostprocessing = 0;
		};
/* End PBXSourcesBuildPhase section */

/* Begin XCBuildConfiguration section */
		938F91E91E3F8839000AD0DE /* Debug */ = {
			isa = XCBuildConfiguration;
			buildSettings = {
				ALWAYS_EMBED_SWIFT_STANDARD_LIBRARIES = NO;
				ALWAYS_SEARCH_USER_PATHS = NO;
				CLANG_ANALYZER_NONNULL = YES;
				CLANG_CXX_LANGUAGE_STANDARD = "gnu++0x";
				CLANG_CXX_LIBRARY = "libc++";
				CLANG_ENABLE_MODULES = YES;
				CLANG_ENABLE_OBJC_ARC = YES;
				CLANG_WARN_BLOCK_CAPTURE_AUTORELEASING = YES;
				CLANG_WARN_BOOL_CONVERSION = YES;
				CLANG_WARN_COMMA = YES;
				CLANG_WARN_CONSTANT_CONVERSION = YES;
				CLANG_WARN_DIRECT_OBJC_ISA_USAGE = YES_ERROR;
				CLANG_WARN_DOCUMENTATION_COMMENTS = YES;
				CLANG_WARN_EMPTY_BODY = YES;
				CLANG_WARN_ENUM_CONVERSION = YES;
				CLANG_WARN_INFINITE_RECURSION = YES;
				CLANG_WARN_INT_CONVERSION = YES;
				CLANG_WARN_NON_LITERAL_NULL_CONVERSION = YES;
				CLANG_WARN_OBJC_LITERAL_CONVERSION = YES;
				CLANG_WARN_OBJC_ROOT_CLASS = YES_ERROR;
				CLANG_WARN_RANGE_LOOP_ANALYSIS = YES;
				CLANG_WARN_STRICT_PROTOTYPES = YES;
				CLANG_WARN_SUSPICIOUS_MOVE = YES;
				CLANG_WARN_UNREACHABLE_CODE = YES;
				CLANG_WARN__DUPLICATE_METHOD_MATCH = YES;
				CODE_SIGN_IDENTITY = "-";
				COPY_PHASE_STRIP = NO;
				DEBUG_INFORMATION_FORMAT = dwarf;
				ENABLE_STRICT_OBJC_MSGSEND = YES;
				ENABLE_TESTABILITY = YES;
				GCC_C_LANGUAGE_STANDARD = gnu99;
				GCC_DYNAMIC_NO_PIC = NO;
				GCC_NO_COMMON_BLOCKS = YES;
				GCC_OPTIMIZATION_LEVEL = 0;
				GCC_PREPROCESSOR_DEFINITIONS = (
					"DEBUG=1",
					"$(inherited)",
				);
				GCC_WARN_64_TO_32_BIT_CONVERSION = YES;
				GCC_WARN_ABOUT_RETURN_TYPE = YES_ERROR;
				GCC_WARN_UNDECLARED_SELECTOR = YES;
				GCC_WARN_UNINITIALIZED_AUTOS = YES_AGGRESSIVE;
				GCC_WARN_UNUSED_FUNCTION = YES;
				GCC_WARN_UNUSED_VARIABLE = YES;
				MACOSX_DEPLOYMENT_TARGET = 10.11;
				MTL_ENABLE_DEBUG_INFO = YES;
				ONLY_ACTIVE_ARCH = YES;
				SDKROOT = macosx;
			};
			name = Debug;
		};
		938F91EA1E3F8839000AD0DE /* Release */ = {
			isa = XCBuildConfiguration;
			buildSettings = {
				ALWAYS_EMBED_SWIFT_STANDARD_LIBRARIES = NO;
				ALWAYS_SEARCH_USER_PATHS = NO;
				CLANG_ANALYZER_NONNULL = YES;
				CLANG_CXX_LANGUAGE_STANDARD = "gnu++0x";
				CLANG_CXX_LIBRARY = "libc++";
				CLANG_ENABLE_MODULES = YES;
				CLANG_ENABLE_OBJC_ARC = YES;
				CLANG_WARN_BLOCK_CAPTURE_AUTORELEASING = YES;
				CLANG_WARN_BOOL_CONVERSION = YES;
				CLANG_WARN_COMMA = YES;
				CLANG_WARN_CONSTANT_CONVERSION = YES;
				CLANG_WARN_DIRECT_OBJC_ISA_USAGE = YES_ERROR;
				CLANG_WARN_DOCUMENTATION_COMMENTS = YES;
				CLANG_WARN_EMPTY_BODY = YES;
				CLANG_WARN_ENUM_CONVERSION = YES;
				CLANG_WARN_INFINITE_RECURSION = YES;
				CLANG_WARN_INT_CONVERSION = YES;
				CLANG_WARN_NON_LITERAL_NULL_CONVERSION = YES;
				CLANG_WARN_OBJC_LITERAL_CONVERSION = YES;
				CLANG_WARN_OBJC_ROOT_CLASS = YES_ERROR;
				CLANG_WARN_RANGE_LOOP_ANALYSIS = YES;
				CLANG_WARN_STRICT_PROTOTYPES = YES;
				CLANG_WARN_SUSPICIOUS_MOVE = YES;
				CLANG_WARN_UNREACHABLE_CODE = YES;
				CLANG_WARN__DUPLICATE_METHOD_MATCH = YES;
				CODE_SIGN_IDENTITY = "-";
				COPY_PHASE_STRIP = NO;
				DEBUG_INFORMATION_FORMAT = "dwarf-with-dsym";
				ENABLE_NS_ASSERTIONS = NO;
				ENABLE_STRICT_OBJC_MSGSEND = YES;
				GCC_C_LANGUAGE_STANDARD = gnu99;
				GCC_NO_COMMON_BLOCKS = YES;
				GCC_WARN_64_TO_32_BIT_CONVERSION = YES;
				GCC_WARN_ABOUT_RETURN_TYPE = YES_ERROR;
				GCC_WARN_UNDECLARED_SELECTOR = YES;
				GCC_WARN_UNINITIALIZED_AUTOS = YES_AGGRESSIVE;
				GCC_WARN_UNUSED_FUNCTION = YES;
				GCC_WARN_UNUSED_VARIABLE = YES;
				MACOSX_DEPLOYMENT_TARGET = 10.11;
				MTL_ENABLE_DEBUG_INFO = NO;
				SDKROOT = macosx;
				SWIFT_OPTIMIZATION_LEVEL = "-Owholemodule";
			};
			name = Release;
		};
		938F91EC1E3F8839000AD0DE /* Debug */ = {
			isa = XCBuildConfiguration;
			buildSettings = {
				ALWAYS_EMBED_SWIFT_STANDARD_LIBRARIES = YES;
				BUNDLE_LOADER = /Applications/Textual.app/Contents/MacOS/Textual;
				CLANG_ENABLE_MODULES = YES;
				COMBINE_HIDPI_IMAGES = YES;
				FRAMEWORK_SEARCH_PATHS = (
					"/Applications/Textual.app/Contents/Frameworks/**",
					"$(PROJECT_DIR)/Carthage/Build/Mac",
				);
				HEADER_SEARCH_PATHS = "\"/Applications/Textual.app/Contents/Headers/**\"";
				INFOPLIST_FILE = ProsGraphomenon/Info.plist;
				INSTALL_PATH = "$(LOCAL_LIBRARY_DIR)/Bundles";
				LD_RUNPATH_SEARCH_PATHS = "$(inherited) @executable_path/../Frameworks @loader_path/../Frameworks";
				PRODUCT_BUNDLE_IDENTIFIER = net.reigndropsfall.ProsGraphomenon;
				PRODUCT_NAME = "$(TARGET_NAME)";
				SKIP_INSTALL = YES;
				SWIFT_OBJC_BRIDGING_HEADER = "ProsGraphomenon/Bridging-Header.h";
				SWIFT_OPTIMIZATION_LEVEL = "-Onone";
				SWIFT_SWIFT3_OBJC_INFERENCE = Default;
				SWIFT_VERSION = 4.0;
				WRAPPER_EXTENSION = bundle;
			};
			name = Debug;
		};
		938F91ED1E3F8839000AD0DE /* Release */ = {
			isa = XCBuildConfiguration;
			buildSettings = {
				ALWAYS_EMBED_SWIFT_STANDARD_LIBRARIES = YES;
				BUNDLE_LOADER = /Applications/Textual.app/Contents/MacOS/Textual;
				CLANG_ENABLE_MODULES = YES;
				COMBINE_HIDPI_IMAGES = YES;
				FRAMEWORK_SEARCH_PATHS = (
					"/Applications/Textual.app/Contents/Frameworks/**",
					"$(PROJECT_DIR)/Carthage/Build/Mac",
				);
				HEADER_SEARCH_PATHS = "\"/Applications/Textual.app/Contents/Headers/**\"";
				INFOPLIST_FILE = ProsGraphomenon/Info.plist;
				INSTALL_PATH = "$(LOCAL_LIBRARY_DIR)/Bundles";
				LD_RUNPATH_SEARCH_PATHS = "$(inherited) @executable_path/../Frameworks @loader_path/../Frameworks";
				PRODUCT_BUNDLE_IDENTIFIER = net.reigndropsfall.ProsGraphomenon;
				PRODUCT_NAME = "$(TARGET_NAME)";
				SKIP_INSTALL = YES;
				SWIFT_OBJC_BRIDGING_HEADER = "ProsGraphomenon/Bridging-Header.h";
				SWIFT_SWIFT3_OBJC_INFERENCE = Default;
				SWIFT_VERSION = 4.0;
				WRAPPER_EXTENSION = bundle;
			};
			name = Release;
		};
/* End XCBuildConfiguration section */

/* Begin XCConfigurationList section */
		938F91E01E3F8839000AD0DE /* Build configuration list for PBXProject "ProsGraphomenon" */ = {
			isa = XCConfigurationList;
			buildConfigurations = (
				938F91E91E3F8839000AD0DE /* Debug */,
				938F91EA1E3F8839000AD0DE /* Release */,
			);
			defaultConfigurationIsVisible = 0;
			defaultConfigurationName = Release;
		};
		938F91EB1E3F8839000AD0DE /* Build configuration list for PBXNativeTarget "ProsGraphomenon" */ = {
			isa = XCConfigurationList;
			buildConfigurations = (
				938F91EC1E3F8839000AD0DE /* Debug */,
				938F91ED1E3F8839000AD0DE /* Release */,
			);
			defaultConfigurationIsVisible = 0;
			defaultConfigurationName = Release;
		};
/* End XCConfigurationList section */
	};
	rootObject = 938F91DD1E3F8839000AD0DE /* Project object */;
}
